
Microsoft Visual Studio Solution File, Format Version 12.00
Project("{2150E333-8FDC-42A3-9474-1A3956D46DE8}") = "Modules", "Modules", "{71EE0E1A-401D-4FAA-8CD8-A9B86143FB00}"
EndProject
Project("{2150E333-8FDC-42A3-9474-1A3956D46DE8}") = "Shared", "Shared", "{E0911234-B200-4FC9-B798-C16E7F2FD2BB}"
EndProject
Project("{2150E333-8FDC-42A3-9474-1A3956D46DE8}") = "Core", "Core", "{6C7EDFCC-D2A6-4C98-8F23-C8D3B3E468AD}"
EndProject
Project("{2150E333-8FDC-42A3-9474-1A3956D46DE8}") = "Client", "Client", "{73DE9002-E934-4CDB-97BD-C846EDD80904}"
EndProject
Project("{FAE04EC0-301F-11D3-BF4B-00C04F79EFBC}") = "Axorith.Client", "src\Client\Axorith.Client.csproj", "{0F83DF25-24BD-4CCE-8123-3E4D08EF9EFE}"
EndProject
Project("{FAE04EC0-301F-11D3-BF4B-00C04F79EFBC}") = "Axorith.Core", "src\Core\Axorith.Core.csproj", "{EAAB57E6-2020-48A9-945F-013CB6CFBF7C}"
EndProject
Project("{FAE04EC0-301F-11D3-BF4B-00C04F79EFBC}") = "Axorith.Sdk", "src\Sdk\Axorith.Sdk.csproj", "{F91CA828-8286-495A-918C-FA8D39E2990F}"
EndProject
Project("{FAE04EC0-301F-11D3-BF4B-00C04F79EFBC}") = "Axorith.Module.ApplicationLauncher.Windows", "src\Modules\ApplicationLauncher\Axorith.Module.ApplicationLauncher.Windows.csproj", "{7F27A427-A04B-4C7F-A071-F6C81BBE9CBC}"
EndProject
Project("{FAE04EC0-301F-11D3-BF4B-00C04F79EFBC}") = "Axorith.Module.Test", "src\Modules\Test\Axorith.Module.Test.csproj", "{9CD5B3EC-D3D5-4EF1-8C9C-BC783C3EBEF7}"
EndProject
Project("{FAE04EC0-301F-11D3-BF4B-00C04F79EFBC}") = "Axorith.Shared.Utils", "src\Shared\Utils\Axorith.Shared.Utils.csproj", "{64883A08-3FE4-4170-99C8-5798E37E828B}"
EndProject
Project("{FAE04EC0-301F-11D3-BF4B-00C04F79EFBC}") = "Axorith.Shared.Exceptions", "src\Shared\Exceptions\Axorith.Shared.Exceptions.csproj", "{4AA8DBAA-472A-49F5-8210-08DDB77CC12F}"
EndProject
Global
	GlobalSection(SolutionConfigurationPlatforms) = preSolution
		Debug|Any CPU = Debug|Any CPU
		Release|Any CPU = Release|Any CPU
	EndGlobalSection
	GlobalSection(ProjectConfigurationPlatforms) = postSolution
		{0F83DF25-24BD-4CCE-8123-3E4D08EF9EFE}.Debug|Any CPU.ActiveCfg = Debug|Any CPU
		{0F83DF25-24BD-4CCE-8123-3E4D08EF9EFE}.Debug|Any CPU.Build.0 = Debug|Any CPU
		{0F83DF25-24BD-4CCE-8123-3E4D08EF9EFE}.Release|Any CPU.ActiveCfg = Release|Any CPU
		{0F83DF25-24BD-4CCE-8123-3E4D08EF9EFE}.Release|Any CPU.Build.0 = Release|Any CPU
		{EAAB57E6-2020-48A9-945F-013CB6CFBF7C}.Debug|Any CPU.ActiveCfg = Debug|Any CPU
		{EAAB57E6-2020-48A9-945F-013CB6CFBF7C}.Debug|Any CPU.Build.0 = Debug|Any CPU
		{EAAB57E6-2020-48A9-945F-013CB6CFBF7C}.Release|Any CPU.ActiveCfg = Release|Any CPU
		{EAAB57E6-2020-48A9-945F-013CB6CFBF7C}.Release|Any CPU.Build.0 = Release|Any CPU
		{F91CA828-8286-495A-918C-FA8D39E2990F}.Debug|Any CPU.ActiveCfg = Debug|Any CPU
		{F91CA828-8286-495A-918C-FA8D39E2990F}.Debug|Any CPU.Build.0 = Debug|Any CPU
		{F91CA828-8286-495A-918C-FA8D39E2990F}.Release|Any CPU.ActiveCfg = Release|Any CPU
		{F91CA828-8286-495A-918C-FA8D39E2990F}.Release|Any CPU.Build.0 = Release|Any CPU
		{7F27A427-A04B-4C7F-A071-F6C81BBE9CBC}.Debug|Any CPU.ActiveCfg = Debug|Any CPU
		{7F27A427-A04B-4C7F-A071-F6C81BBE9CBC}.Debug|Any CPU.Build.0 = Debug|Any CPU
		{7F27A427-A04B-4C7F-A071-F6C81BBE9CBC}.Release|Any CPU.ActiveCfg = Release|Any CPU
		{7F27A427-A04B-4C7F-A071-F6C81BBE9CBC}.Release|Any CPU.Build.0 = Release|Any CPU
		{9CD5B3EC-D3D5-4EF1-8C9C-BC783C3EBEF7}.Debug|Any CPU.ActiveCfg = Debug|Any CPU
		{9CD5B3EC-D3D5-4EF1-8C9C-BC783C3EBEF7}.Debug|Any CPU.Build.0 = Debug|Any CPU
		{9CD5B3EC-D3D5-4EF1-8C9C-BC783C3EBEF7}.Release|Any CPU.ActiveCfg = Release|Any CPU
		{9CD5B3EC-D3D5-4EF1-8C9C-BC783C3EBEF7}.Release|Any CPU.Build.0 = Release|Any CPU
		{64883A08-3FE4-4170-99C8-5798E37E828B}.Debug|Any CPU.ActiveCfg = Debug|Any CPU
		{64883A08-3FE4-4170-99C8-5798E37E828B}.Debug|Any CPU.Build.0 = Debug|Any CPU
		{64883A08-3FE4-4170-99C8-5798E37E828B}.Release|Any CPU.ActiveCfg = Release|Any CPU
		{64883A08-3FE4-4170-99C8-5798E37E828B}.Release|Any CPU.Build.0 = Release|Any CPU
		{4AA8DBAA-472A-49F5-8210-08DDB77CC12F}.Debug|Any CPU.ActiveCfg = Debug|Any CPU
		{4AA8DBAA-472A-49F5-8210-08DDB77CC12F}.Debug|Any CPU.Build.0 = Debug|Any CPU
		{4AA8DBAA-472A-49F5-8210-08DDB77CC12F}.Release|Any CPU.ActiveCfg = Release|Any CPU
		{4AA8DBAA-472A-49F5-8210-08DDB77CC12F}.Release|Any CPU.Build.0 = Release|Any CPU
	EndGlobalSection
	GlobalSection(NestedProjects) = preSolution
		{0F83DF25-24BD-4CCE-8123-3E4D08EF9EFE} = {73DE9002-E934-4CDB-97BD-C846EDD80904}
		{EAAB57E6-2020-48A9-945F-013CB6CFBF7C} = {6C7EDFCC-D2A6-4C98-8F23-C8D3B3E468AD}
		{F91CA828-8286-495A-918C-FA8D39E2990F} = {6C7EDFCC-D2A6-4C98-8F23-C8D3B3E468AD}
		{7F27A427-A04B-4C7F-A071-F6C81BBE9CBC} = {71EE0E1A-401D-4FAA-8CD8-A9B86143FB00}
		{9CD5B3EC-D3D5-4EF1-8C9C-BC783C3EBEF7} = {71EE0E1A-401D-4FAA-8CD8-A9B86143FB00}
		{64883A08-3FE4-4170-99C8-5798E37E828B} = {E0911234-B200-4FC9-B798-C16E7F2FD2BB}
		{4AA8DBAA-472A-49F5-8210-08DDB77CC12F} = {E0911234-B200-4FC9-B798-C16E7F2FD2BB}
	EndGlobalSection
EndGlobal
