
Microsoft Visual Studio Solution File, Format Version 12.00
Project("{FAE04EC0-301F-11D3-BF4B-00C04F79EFBC}") = "Axorith.Contracts", "src\Contracts\Axorith.Contracts.csproj", "{324C8847-3CD5-FD45-FA04-BA4152DDFF52}"
EndProject
Project("{FAE04EC0-301F-11D3-BF4B-00C04F79EFBC}") = "Axorith.Core", "src\Core\Axorith.Core.csproj", "{73E53DB8-385D-6F04-9E54-2F2C778CB7CC}"
EndProject
Project("{FAE04EC0-301F-11D3-BF4B-00C04F79EFBC}") = "Axorith.Sdk", "src\Sdk\Axorith.Sdk.csproj", "{D36811BC-6BF1-67C1-9C39-9474E4FA4BAF}"
EndProject
Project("{FAE04EC0-301F-11D3-BF4B-00C04F79EFBC}") = "Axorith.Client", "src\Client\Axorith.Client.csproj", "{E2DD866F-D1C6-97B3-AADB-79ED206ADA58}"
EndProject
Project("{FAE04EC0-301F-11D3-BF4B-00C04F79EFBC}") = "Axorith.Host", "src\Host\Axorith.Host.csproj", "{161274AB-FF36-4968-D21A-25F6F1EDB054}"
EndProject
Project("{FAE04EC0-301F-11D3-BF4B-00C04F79EFBC}") = "Axorith.Service", "src\Service\Axorith.Service.csproj", "{73C932AF-72C1-D09A-CB55-C2F2A1F243DF}"
EndProject
Project("{FAE04EC0-301F-11D3-BF4B-00C04F79EFBC}") = "Axorith.Shim", "src\Shim\Axorith.Shim.csproj", "{E2587D01-8FD2-3681-FC71-D9518E5E0032}"
EndProject
Project("{FAE04EC0-301F-11D3-BF4B-00C04F79EFBC}") = "Axorith.Module.ApplicationLauncher", "src\Modules\ApplicationLauncher\Axorith.Module.ApplicationLauncher.csproj", "{72A5726F-6F1C-740D-8372-B1825A9434BF}"
EndProject
Project("{FAE04EC0-301F-11D3-BF4B-00C04F79EFBC}") = "Axorith.Module.SiteBlocker", "src\Modules\SiteBlocker\Axorith.Module.SiteBlocker.csproj", "{FBA2A596-781F-D4F6-07AB-218A2228D6AF}"
EndProject
Project("{FAE04EC0-301F-11D3-BF4B-00C04F79EFBC}") = "Axorith.Module.Spotify", "src\Modules\Spotify\Axorith.Module.Spotify.csproj", "{470ECDE8-D15E-A0A2-03CD-3C9ADBAA15E0}"
EndProject
Project("{FAE04EC0-301F-11D3-BF4B-00C04F79EFBC}") = "Axorith.Module.Test", "src\Modules\Test\Axorith.Module.Test.csproj", "{1748C786-45B0-0E78-DE07-5A20E0A55218}"
EndProject
Project("{FAE04EC0-301F-11D3-BF4B-00C04F79EFBC}") = "Axorith.Shared.Exceptions", "src\Shared\Exceptions\Axorith.Shared.Exceptions.csproj", "{D20FFE78-09D7-1CC0-4B79-DD995DA9C46E}"
EndProject
Project("{FAE04EC0-301F-11D3-BF4B-00C04F79EFBC}") = "Axorith.Shared.Platform", "src\Shared\Platform\Axorith.Shared.Platform.csproj", "{4341D541-654B-D503-4EF7-30B045C3914E}"
EndProject
Project("{FAE04EC0-301F-11D3-BF4B-00C04F79EFBC}") = "Axorith.Shared.Utils", "src\Shared\Utils\Axorith.Shared.Utils.csproj", "{87F5D1E9-CAAA-4B4B-C0C9-B4E9057C7431}"
EndProject
Project("{FAE04EC0-301F-11D3-BF4B-00C04F79EFBC}") = "Axorith.Core.Tests", "tests\Axorith.Core.Tests\Axorith.Core.Tests.csproj", "{6D6D9A53-ACAA-71A2-D07B-DFB76AFB5B1D}"
EndProject
Project("{FAE04EC0-301F-11D3-BF4B-00C04F79EFBC}") = "Axorith.Sdk.Tests", "tests\Axorith.Sdk.Tests\Axorith.Sdk.Tests.csproj", "{2095BE86-C6CB-DA58-74E4-9AE684688236}"
EndProject
Project("{FAE04EC0-301F-11D3-BF4B-00C04F79EFBC}") = "Axorith.Shared.Tests", "tests\Axorith.Shared.Tests\Axorith.Shared.Tests.csproj", "{EB964FF7-EF53-4215-5D74-F085B3762B89}"
EndProject
Project("{FAE04EC0-301F-11D3-BF4B-00C04F79EFBC}") = "Axorith.Test.Contracts", "tests\Axorith.Test.Contracts\Axorith.Test.Contracts.csproj", "{F15A2A44-8C90-62BA-5F63-C97566A42175}"
EndProject
Project("{FAE04EC0-301F-11D3-BF4B-00C04F79EFBC}") = "Axorith.Test.Host", "tests\Axorith.Test.Host\Axorith.Test.Host.csproj", "{135ACC1E-7FF5-C8FE-2B2A-B17F706B04F7}"
EndProject
Project("{2150E333-8FDC-42A3-9474-1A3956D46DE8}") = "Core", "Core", "{FBF56CC3-7AE6-AD2D-3F14-7F97FD322CD6}"
EndProject
Project("{2150E333-8FDC-42A3-9474-1A3956D46DE8}") = "Executables", "Executables", "{C09A51A1-1536-8A3F-9D3D-51DAA622E1C3}"
EndProject
Project("{2150E333-8FDC-42A3-9474-1A3956D46DE8}") = "Modules", "Modules", "{CA253913-39DE-BFD0-C9A3-4B7EC6FBDF17}"
EndProject
Project("{2150E333-8FDC-42A3-9474-1A3956D46DE8}") = "Shared", "Shared", "{4F52FD11-658E-A102-6CD3-7D7C16FFA15B}"
EndProject
Project("{2150E333-8FDC-42A3-9474-1A3956D46DE8}") = "Tests", "Tests", "{0AB3BF05-4346-4AA6-1389-037BE0695223}"
EndProject
Global
	GlobalSection(SolutionConfigurationPlatforms) = preSolution
		Debug|Any CPU = Debug|Any CPU
		Debug|x64 = Debug|x64
		Debug|x86 = Debug|x86
		Release|Any CPU = Release|Any CPU
		Release|x64 = Release|x64
		Release|x86 = Release|x86
	EndGlobalSection
	GlobalSection(ProjectConfigurationPlatforms) = postSolution
		{324C8847-3CD5-FD45-FA04-BA4152DDFF52}.Debug|Any CPU.ActiveCfg = Debug|Any CPU
		{324C8847-3CD5-FD45-FA04-BA4152DDFF52}.Debug|Any CPU.Build.0 = Debug|Any CPU
		{324C8847-3CD5-FD45-FA04-BA4152DDFF52}.Debug|x64.ActiveCfg = Debug|Any CPU
		{324C8847-3CD5-FD45-FA04-BA4152DDFF52}.Debug|x64.Build.0 = Debug|Any CPU
		{324C8847-3CD5-FD45-FA04-BA4152DDFF52}.Debug|x86.ActiveCfg = Debug|Any CPU
		{324C8847-3CD5-FD45-FA04-BA4152DDFF52}.Debug|x86.Build.0 = Debug|Any CPU
		{324C8847-3CD5-FD45-FA04-BA4152DDFF52}.Release|Any CPU.ActiveCfg = Release|Any CPU
		{324C8847-3CD5-FD45-FA04-BA4152DDFF52}.Release|Any CPU.Build.0 = Release|Any CPU
		{324C8847-3CD5-FD45-FA04-BA4152DDFF52}.Release|x64.ActiveCfg = Release|Any CPU
		{324C8847-3CD5-FD45-FA04-BA4152DDFF52}.Release|x64.Build.0 = Release|Any CPU
		{324C8847-3CD5-FD45-FA04-BA4152DDFF52}.Release|x86.ActiveCfg = Release|Any CPU
		{324C8847-3CD5-FD45-FA04-BA4152DDFF52}.Release|x86.Build.0 = Release|Any CPU
		{73E53DB8-385D-6F04-9E54-2F2C778CB7CC}.Debug|Any CPU.ActiveCfg = Debug|Any CPU
		{73E53DB8-385D-6F04-9E54-2F2C778CB7CC}.Debug|Any CPU.Build.0 = Debug|Any CPU
		{73E53DB8-385D-6F04-9E54-2F2C778CB7CC}.Debug|x64.ActiveCfg = Debug|Any CPU
		{73E53DB8-385D-6F04-9E54-2F2C778CB7CC}.Debug|x64.Build.0 = Debug|Any CPU
		{73E53DB8-385D-6F04-9E54-2F2C778CB7CC}.Debug|x86.ActiveCfg = Debug|Any CPU
		{73E53DB8-385D-6F04-9E54-2F2C778CB7CC}.Debug|x86.Build.0 = Debug|Any CPU
		{73E53DB8-385D-6F04-9E54-2F2C778CB7CC}.Release|Any CPU.ActiveCfg = Release|Any CPU
		{73E53DB8-385D-6F04-9E54-2F2C778CB7CC}.Release|Any CPU.Build.0 = Release|Any CPU
		{73E53DB8-385D-6F04-9E54-2F2C778CB7CC}.Release|x64.ActiveCfg = Release|Any CPU
		{73E53DB8-385D-6F04-9E54-2F2C778CB7CC}.Release|x64.Build.0 = Release|Any CPU
		{73E53DB8-385D-6F04-9E54-2F2C778CB7CC}.Release|x86.ActiveCfg = Release|Any CPU
		{73E53DB8-385D-6F04-9E54-2F2C778CB7CC}.Release|x86.Build.0 = Release|Any CPU
		{D36811BC-6BF1-67C1-9C39-9474E4FA4BAF}.Debug|Any CPU.ActiveCfg = Debug|Any CPU
		{D36811BC-6BF1-67C1-9C39-9474E4FA4BAF}.Debug|Any CPU.Build.0 = Debug|Any CPU
		{D36811BC-6BF1-67C1-9C39-9474E4FA4BAF}.Debug|x64.ActiveCfg = Debug|Any CPU
		{D36811BC-6BF1-67C1-9C39-9474E4FA4BAF}.Debug|x64.Build.0 = Debug|Any CPU
		{D36811BC-6BF1-67C1-9C39-9474E4FA4BAF}.Debug|x86.ActiveCfg = Debug|Any CPU
		{D36811BC-6BF1-67C1-9C39-9474E4FA4BAF}.Debug|x86.Build.0 = Debug|Any CPU
		{D36811BC-6BF1-67C1-9C39-9474E4FA4BAF}.Release|Any CPU.ActiveCfg = Release|Any CPU
		{D36811BC-6BF1-67C1-9C39-9474E4FA4BAF}.Release|Any CPU.Build.0 = Release|Any CPU
		{D36811BC-6BF1-67C1-9C39-9474E4FA4BAF}.Release|x64.ActiveCfg = Release|Any CPU
		{D36811BC-6BF1-67C1-9C39-9474E4FA4BAF}.Release|x64.Build.0 = Release|Any CPU
		{D36811BC-6BF1-67C1-9C39-9474E4FA4BAF}.Release|x86.ActiveCfg = Release|Any CPU
		{D36811BC-6BF1-67C1-9C39-9474E4FA4BAF}.Release|x86.Build.0 = Release|Any CPU
		{E2DD866F-D1C6-97B3-AADB-79ED206ADA58}.Debug|Any CPU.ActiveCfg = Debug|Any CPU
		{E2DD866F-D1C6-97B3-AADB-79ED206ADA58}.Debug|Any CPU.Build.0 = Debug|Any CPU
		{E2DD866F-D1C6-97B3-AADB-79ED206ADA58}.Debug|x64.ActiveCfg = Debug|Any CPU
		{E2DD866F-D1C6-97B3-AADB-79ED206ADA58}.Debug|x64.Build.0 = Debug|Any CPU
		{E2DD866F-D1C6-97B3-AADB-79ED206ADA58}.Debug|x86.ActiveCfg = Debug|Any CPU
		{E2DD866F-D1C6-97B3-AADB-79ED206ADA58}.Debug|x86.Build.0 = Debug|Any CPU
		{E2DD866F-D1C6-97B3-AADB-79ED206ADA58}.Release|Any CPU.ActiveCfg = Release|Any CPU
		{E2DD866F-D1C6-97B3-AADB-79ED206ADA58}.Release|Any CPU.Build.0 = Release|Any CPU
		{E2DD866F-D1C6-97B3-AADB-79ED206ADA58}.Release|x64.ActiveCfg = Release|Any CPU
		{E2DD866F-D1C6-97B3-AADB-79ED206ADA58}.Release|x64.Build.0 = Release|Any CPU
		{E2DD866F-D1C6-97B3-AADB-79ED206ADA58}.Release|x86.ActiveCfg = Release|Any CPU
		{E2DD866F-D1C6-97B3-AADB-79ED206ADA58}.Release|x86.Build.0 = Release|Any CPU
		{161274AB-FF36-4968-D21A-25F6F1EDB054}.Debug|Any CPU.ActiveCfg = Debug|Any CPU
		{161274AB-FF36-4968-D21A-25F6F1EDB054}.Debug|Any CPU.Build.0 = Debug|Any CPU
		{161274AB-FF36-4968-D21A-25F6F1EDB054}.Debug|x64.ActiveCfg = Debug|Any CPU
		{161274AB-FF36-4968-D21A-25F6F1EDB054}.Debug|x64.Build.0 = Debug|Any CPU
		{161274AB-FF36-4968-D21A-25F6F1EDB054}.Debug|x86.ActiveCfg = Debug|Any CPU
		{161274AB-FF36-4968-D21A-25F6F1EDB054}.Debug|x86.Build.0 = Debug|Any CPU
		{161274AB-FF36-4968-D21A-25F6F1EDB054}.Release|Any CPU.ActiveCfg = Release|Any CPU
		{161274AB-FF36-4968-D21A-25F6F1EDB054}.Release|Any CPU.Build.0 = Release|Any CPU
		{161274AB-FF36-4968-D21A-25F6F1EDB054}.Release|x64.ActiveCfg = Release|Any CPU
		{161274AB-FF36-4968-D21A-25F6F1EDB054}.Release|x64.Build.0 = Release|Any CPU
		{161274AB-FF36-4968-D21A-25F6F1EDB054}.Release|x86.ActiveCfg = Release|Any CPU
		{161274AB-FF36-4968-D21A-25F6F1EDB054}.Release|x86.Build.0 = Release|Any CPU
		{73C932AF-72C1-D09A-CB55-C2F2A1F243DF}.Debug|Any CPU.ActiveCfg = Debug|Any CPU
		{73C932AF-72C1-D09A-CB55-C2F2A1F243DF}.Debug|Any CPU.Build.0 = Debug|Any CPU
		{73C932AF-72C1-D09A-CB55-C2F2A1F243DF}.Debug|x64.ActiveCfg = Debug|Any CPU
		{73C932AF-72C1-D09A-CB55-C2F2A1F243DF}.Debug|x64.Build.0 = Debug|Any CPU
		{73C932AF-72C1-D09A-CB55-C2F2A1F243DF}.Debug|x86.ActiveCfg = Debug|Any CPU
		{73C932AF-72C1-D09A-CB55-C2F2A1F243DF}.Debug|x86.Build.0 = Debug|Any CPU
		{73C932AF-72C1-D09A-CB55-C2F2A1F243DF}.Release|Any CPU.ActiveCfg = Release|Any CPU
		{73C932AF-72C1-D09A-CB55-C2F2A1F243DF}.Release|Any CPU.Build.0 = Release|Any CPU
		{73C932AF-72C1-D09A-CB55-C2F2A1F243DF}.Release|x64.ActiveCfg = Release|Any CPU
		{73C932AF-72C1-D09A-CB55-C2F2A1F243DF}.Release|x64.Build.0 = Release|Any CPU
		{73C932AF-72C1-D09A-CB55-C2F2A1F243DF}.Release|x86.ActiveCfg = Release|Any CPU
		{73C932AF-72C1-D09A-CB55-C2F2A1F243DF}.Release|x86.Build.0 = Release|Any CPU
		{E2587D01-8FD2-3681-FC71-D9518E5E0032}.Debug|Any CPU.ActiveCfg = Debug|Any CPU
		{E2587D01-8FD2-3681-FC71-D9518E5E0032}.Debug|Any CPU.Build.0 = Debug|Any CPU
		{E2587D01-8FD2-3681-FC71-D9518E5E0032}.Debug|x64.ActiveCfg = Debug|Any CPU
		{E2587D01-8FD2-3681-FC71-D9518E5E0032}.Debug|x64.Build.0 = Debug|Any CPU
		{E2587D01-8FD2-3681-FC71-D9518E5E0032}.Debug|x86.ActiveCfg = Debug|Any CPU
		{E2587D01-8FD2-3681-FC71-D9518E5E0032}.Debug|x86.Build.0 = Debug|Any CPU
		{E2587D01-8FD2-3681-FC71-D9518E5E0032}.Release|Any CPU.ActiveCfg = Release|Any CPU
		{E2587D01-8FD2-3681-FC71-D9518E5E0032}.Release|Any CPU.Build.0 = Release|Any CPU
		{E2587D01-8FD2-3681-FC71-D9518E5E0032}.Release|x64.ActiveCfg = Release|Any CPU
		{E2587D01-8FD2-3681-FC71-D9518E5E0032}.Release|x64.Build.0 = Release|Any CPU
		{E2587D01-8FD2-3681-FC71-D9518E5E0032}.Release|x86.ActiveCfg = Release|Any CPU
		{E2587D01-8FD2-3681-FC71-D9518E5E0032}.Release|x86.Build.0 = Release|Any CPU
		{72A5726F-6F1C-740D-8372-B1825A9434BF}.Debug|Any CPU.ActiveCfg = Debug|Any CPU
		{72A5726F-6F1C-740D-8372-B1825A9434BF}.Debug|Any CPU.Build.0 = Debug|Any CPU
		{72A5726F-6F1C-740D-8372-B1825A9434BF}.Debug|x64.ActiveCfg = Debug|Any CPU
		{72A5726F-6F1C-740D-8372-B1825A9434BF}.Debug|x64.Build.0 = Debug|Any CPU
		{72A5726F-6F1C-740D-8372-B1825A9434BF}.Debug|x86.ActiveCfg = Debug|Any CPU
		{72A5726F-6F1C-740D-8372-B1825A9434BF}.Debug|x86.Build.0 = Debug|Any CPU
		{72A5726F-6F1C-740D-8372-B1825A9434BF}.Release|Any CPU.ActiveCfg = Release|Any CPU
		{72A5726F-6F1C-740D-8372-B1825A9434BF}.Release|Any CPU.Build.0 = Release|Any CPU
		{72A5726F-6F1C-740D-8372-B1825A9434BF}.Release|x64.ActiveCfg = Release|Any CPU
		{72A5726F-6F1C-740D-8372-B1825A9434BF}.Release|x64.Build.0 = Release|Any CPU
		{72A5726F-6F1C-740D-8372-B1825A9434BF}.Release|x86.ActiveCfg = Release|Any CPU
		{72A5726F-6F1C-740D-8372-B1825A9434BF}.Release|x86.Build.0 = Release|Any CPU
		{FBA2A596-781F-D4F6-07AB-218A2228D6AF}.Debug|Any CPU.ActiveCfg = Debug|Any CPU
		{FBA2A596-781F-D4F6-07AB-218A2228D6AF}.Debug|Any CPU.Build.0 = Debug|Any CPU
		{FBA2A596-781F-D4F6-07AB-218A2228D6AF}.Debug|x64.ActiveCfg = Debug|Any CPU
		{FBA2A596-781F-D4F6-07AB-218A2228D6AF}.Debug|x64.Build.0 = Debug|Any CPU
		{FBA2A596-781F-D4F6-07AB-218A2228D6AF}.Debug|x86.ActiveCfg = Debug|Any CPU
		{FBA2A596-781F-D4F6-07AB-218A2228D6AF}.Debug|x86.Build.0 = Debug|Any CPU
		{FBA2A596-781F-D4F6-07AB-218A2228D6AF}.Release|Any CPU.ActiveCfg = Release|Any CPU
		{FBA2A596-781F-D4F6-07AB-218A2228D6AF}.Release|Any CPU.Build.0 = Release|Any CPU
		{FBA2A596-781F-D4F6-07AB-218A2228D6AF}.Release|x64.ActiveCfg = Release|Any CPU
		{FBA2A596-781F-D4F6-07AB-218A2228D6AF}.Release|x64.Build.0 = Release|Any CPU
		{FBA2A596-781F-D4F6-07AB-218A2228D6AF}.Release|x86.ActiveCfg = Release|Any CPU
		{FBA2A596-781F-D4F6-07AB-218A2228D6AF}.Release|x86.Build.0 = Release|Any CPU
		{470ECDE8-D15E-A0A2-03CD-3C9ADBAA15E0}.Debug|Any CPU.ActiveCfg = Debug|Any CPU
		{470ECDE8-D15E-A0A2-03CD-3C9ADBAA15E0}.Debug|Any CPU.Build.0 = Debug|Any CPU
		{470ECDE8-D15E-A0A2-03CD-3C9ADBAA15E0}.Debug|x64.ActiveCfg = Debug|Any CPU
		{470ECDE8-D15E-A0A2-03CD-3C9ADBAA15E0}.Debug|x64.Build.0 = Debug|Any CPU
		{470ECDE8-D15E-A0A2-03CD-3C9ADBAA15E0}.Debug|x86.ActiveCfg = Debug|Any CPU
		{470ECDE8-D15E-A0A2-03CD-3C9ADBAA15E0}.Debug|x86.Build.0 = Debug|Any CPU
		{470ECDE8-D15E-A0A2-03CD-3C9ADBAA15E0}.Release|Any CPU.ActiveCfg = Release|Any CPU
		{470ECDE8-D15E-A0A2-03CD-3C9ADBAA15E0}.Release|Any CPU.Build.0 = Release|Any CPU
		{470ECDE8-D15E-A0A2-03CD-3C9ADBAA15E0}.Release|x64.ActiveCfg = Release|Any CPU
		{470ECDE8-D15E-A0A2-03CD-3C9ADBAA15E0}.Release|x64.Build.0 = Release|Any CPU
		{470ECDE8-D15E-A0A2-03CD-3C9ADBAA15E0}.Release|x86.ActiveCfg = Release|Any CPU
		{470ECDE8-D15E-A0A2-03CD-3C9ADBAA15E0}.Release|x86.Build.0 = Release|Any CPU
		{1748C786-45B0-0E78-DE07-5A20E0A55218}.Debug|Any CPU.ActiveCfg = Debug|Any CPU
		{1748C786-45B0-0E78-DE07-5A20E0A55218}.Debug|Any CPU.Build.0 = Debug|Any CPU
		{1748C786-45B0-0E78-DE07-5A20E0A55218}.Debug|x64.ActiveCfg = Debug|Any CPU
		{1748C786-45B0-0E78-DE07-5A20E0A55218}.Debug|x64.Build.0 = Debug|Any CPU
		{1748C786-45B0-0E78-DE07-5A20E0A55218}.Debug|x86.ActiveCfg = Debug|Any CPU
		{1748C786-45B0-0E78-DE07-5A20E0A55218}.Debug|x86.Build.0 = Debug|Any CPU
		{1748C786-45B0-0E78-DE07-5A20E0A55218}.Release|Any CPU.ActiveCfg = Release|Any CPU
		{1748C786-45B0-0E78-DE07-5A20E0A55218}.Release|Any CPU.Build.0 = Release|Any CPU
		{1748C786-45B0-0E78-DE07-5A20E0A55218}.Release|x64.ActiveCfg = Release|Any CPU
		{1748C786-45B0-0E78-DE07-5A20E0A55218}.Release|x64.Build.0 = Release|Any CPU
		{1748C786-45B0-0E78-DE07-5A20E0A55218}.Release|x86.ActiveCfg = Release|Any CPU
		{1748C786-45B0-0E78-DE07-5A20E0A55218}.Release|x86.Build.0 = Release|Any CPU
		{D20FFE78-09D7-1CC0-4B79-DD995DA9C46E}.Debug|Any CPU.ActiveCfg = Debug|Any CPU
		{D20FFE78-09D7-1CC0-4B79-DD995DA9C46E}.Debug|Any CPU.Build.0 = Debug|Any CPU
		{D20FFE78-09D7-1CC0-4B79-DD995DA9C46E}.Debug|x64.ActiveCfg = Debug|Any CPU
		{D20FFE78-09D7-1CC0-4B79-DD995DA9C46E}.Debug|x64.Build.0 = Debug|Any CPU
		{D20FFE78-09D7-1CC0-4B79-DD995DA9C46E}.Debug|x86.ActiveCfg = Debug|Any CPU
		{D20FFE78-09D7-1CC0-4B79-DD995DA9C46E}.Debug|x86.Build.0 = Debug|Any CPU
		{D20FFE78-09D7-1CC0-4B79-DD995DA9C46E}.Release|Any CPU.ActiveCfg = Release|Any CPU
		{D20FFE78-09D7-1CC0-4B79-DD995DA9C46E}.Release|Any CPU.Build.0 = Release|Any CPU
		{D20FFE78-09D7-1CC0-4B79-DD995DA9C46E}.Release|x64.ActiveCfg = Release|Any CPU
		{D20FFE78-09D7-1CC0-4B79-DD995DA9C46E}.Release|x64.Build.0 = Release|Any CPU
		{D20FFE78-09D7-1CC0-4B79-DD995DA9C46E}.Release|x86.ActiveCfg = Release|Any CPU
		{D20FFE78-09D7-1CC0-4B79-DD995DA9C46E}.Release|x86.Build.0 = Release|Any CPU
		{4341D541-654B-D503-4EF7-30B045C3914E}.Debug|Any CPU.ActiveCfg = Debug|Any CPU
		{4341D541-654B-D503-4EF7-30B045C3914E}.Debug|Any CPU.Build.0 = Debug|Any CPU
		{4341D541-654B-D503-4EF7-30B045C3914E}.Debug|x64.ActiveCfg = Debug|Any CPU
		{4341D541-654B-D503-4EF7-30B045C3914E}.Debug|x64.Build.0 = Debug|Any CPU
		{4341D541-654B-D503-4EF7-30B045C3914E}.Debug|x86.ActiveCfg = Debug|Any CPU
		{4341D541-654B-D503-4EF7-30B045C3914E}.Debug|x86.Build.0 = Debug|Any CPU
		{4341D541-654B-D503-4EF7-30B045C3914E}.Release|Any CPU.ActiveCfg = Release|Any CPU
		{4341D541-654B-D503-4EF7-30B045C3914E}.Release|Any CPU.Build.0 = Release|Any CPU
		{4341D541-654B-D503-4EF7-30B045C3914E}.Release|x64.ActiveCfg = Release|Any CPU
		{4341D541-654B-D503-4EF7-30B045C3914E}.Release|x64.Build.0 = Release|Any CPU
		{4341D541-654B-D503-4EF7-30B045C3914E}.Release|x86.ActiveCfg = Release|Any CPU
		{4341D541-654B-D503-4EF7-30B045C3914E}.Release|x86.Build.0 = Release|Any CPU
		{87F5D1E9-CAAA-4B4B-C0C9-B4E9057C7431}.Debug|Any CPU.ActiveCfg = Debug|Any CPU
		{87F5D1E9-CAAA-4B4B-C0C9-B4E9057C7431}.Debug|Any CPU.Build.0 = Debug|Any CPU
		{87F5D1E9-CAAA-4B4B-C0C9-B4E9057C7431}.Debug|x64.ActiveCfg = Debug|Any CPU
		{87F5D1E9-CAAA-4B4B-C0C9-B4E9057C7431}.Debug|x64.Build.0 = Debug|Any CPU
		{87F5D1E9-CAAA-4B4B-C0C9-B4E9057C7431}.Debug|x86.ActiveCfg = Debug|Any CPU
		{87F5D1E9-CAAA-4B4B-C0C9-B4E9057C7431}.Debug|x86.Build.0 = Debug|Any CPU
		{87F5D1E9-CAAA-4B4B-C0C9-B4E9057C7431}.Release|Any CPU.ActiveCfg = Release|Any CPU
		{87F5D1E9-CAAA-4B4B-C0C9-B4E9057C7431}.Release|Any CPU.Build.0 = Release|Any CPU
		{87F5D1E9-CAAA-4B4B-C0C9-B4E9057C7431}.Release|x64.ActiveCfg = Release|Any CPU
		{87F5D1E9-CAAA-4B4B-C0C9-B4E9057C7431}.Release|x64.Build.0 = Release|Any CPU
		{87F5D1E9-CAAA-4B4B-C0C9-B4E9057C7431}.Release|x86.ActiveCfg = Release|Any CPU
		{87F5D1E9-CAAA-4B4B-C0C9-B4E9057C7431}.Release|x86.Build.0 = Release|Any CPU
		{6D6D9A53-ACAA-71A2-D07B-DFB76AFB5B1D}.Debug|Any CPU.ActiveCfg = Debug|Any CPU
		{6D6D9A53-ACAA-71A2-D07B-DFB76AFB5B1D}.Debug|Any CPU.Build.0 = Debug|Any CPU
		{6D6D9A53-ACAA-71A2-D07B-DFB76AFB5B1D}.Debug|x64.ActiveCfg = Debug|Any CPU
		{6D6D9A53-ACAA-71A2-D07B-DFB76AFB5B1D}.Debug|x64.Build.0 = Debug|Any CPU
		{6D6D9A53-ACAA-71A2-D07B-DFB76AFB5B1D}.Debug|x86.ActiveCfg = Debug|Any CPU
		{6D6D9A53-ACAA-71A2-D07B-DFB76AFB5B1D}.Debug|x86.Build.0 = Debug|Any CPU
		{6D6D9A53-ACAA-71A2-D07B-DFB76AFB5B1D}.Release|Any CPU.ActiveCfg = Release|Any CPU
		{6D6D9A53-ACAA-71A2-D07B-DFB76AFB5B1D}.Release|Any CPU.Build.0 = Release|Any CPU
		{6D6D9A53-ACAA-71A2-D07B-DFB76AFB5B1D}.Release|x64.ActiveCfg = Release|Any CPU
		{6D6D9A53-ACAA-71A2-D07B-DFB76AFB5B1D}.Release|x64.Build.0 = Release|Any CPU
		{6D6D9A53-ACAA-71A2-D07B-DFB76AFB5B1D}.Release|x86.ActiveCfg = Release|Any CPU
		{6D6D9A53-ACAA-71A2-D07B-DFB76AFB5B1D}.Release|x86.Build.0 = Release|Any CPU
		{2095BE86-C6CB-DA58-74E4-9AE684688236}.Debug|Any CPU.ActiveCfg = Debug|Any CPU
		{2095BE86-C6CB-DA58-74E4-9AE684688236}.Debug|Any CPU.Build.0 = Debug|Any CPU
		{2095BE86-C6CB-DA58-74E4-9AE684688236}.Debug|x64.ActiveCfg = Debug|Any CPU
		{2095BE86-C6CB-DA58-74E4-9AE684688236}.Debug|x64.Build.0 = Debug|Any CPU
		{2095BE86-C6CB-DA58-74E4-9AE684688236}.Debug|x86.ActiveCfg = Debug|Any CPU
		{2095BE86-C6CB-DA58-74E4-9AE684688236}.Debug|x86.Build.0 = Debug|Any CPU
		{2095BE86-C6CB-DA58-74E4-9AE684688236}.Release|Any CPU.ActiveCfg = Release|Any CPU
		{2095BE86-C6CB-DA58-74E4-9AE684688236}.Release|Any CPU.Build.0 = Release|Any CPU
		{2095BE86-C6CB-DA58-74E4-9AE684688236}.Release|x64.ActiveCfg = Release|Any CPU
		{2095BE86-C6CB-DA58-74E4-9AE684688236}.Release|x64.Build.0 = Release|Any CPU
		{2095BE86-C6CB-DA58-74E4-9AE684688236}.Release|x86.ActiveCfg = Release|Any CPU
		{2095BE86-C6CB-DA58-74E4-9AE684688236}.Release|x86.Build.0 = Release|Any CPU
		{EB964FF7-EF53-4215-5D74-F085B3762B89}.Debug|Any CPU.ActiveCfg = Debug|Any CPU
		{EB964FF7-EF53-4215-5D74-F085B3762B89}.Debug|Any CPU.Build.0 = Debug|Any CPU
		{EB964FF7-EF53-4215-5D74-F085B3762B89}.Debug|x64.ActiveCfg = Debug|Any CPU
		{EB964FF7-EF53-4215-5D74-F085B3762B89}.Debug|x64.Build.0 = Debug|Any CPU
		{EB964FF7-EF53-4215-5D74-F085B3762B89}.Debug|x86.ActiveCfg = Debug|Any CPU
		{EB964FF7-EF53-4215-5D74-F085B3762B89}.Debug|x86.Build.0 = Debug|Any CPU
		{EB964FF7-EF53-4215-5D74-F085B3762B89}.Release|Any CPU.ActiveCfg = Release|Any CPU
		{EB964FF7-EF53-4215-5D74-F085B3762B89}.Release|Any CPU.Build.0 = Release|Any CPU
		{EB964FF7-EF53-4215-5D74-F085B3762B89}.Release|x64.ActiveCfg = Release|Any CPU
		{EB964FF7-EF53-4215-5D74-F085B3762B89}.Release|x64.Build.0 = Release|Any CPU
		{EB964FF7-EF53-4215-5D74-F085B3762B89}.Release|x86.ActiveCfg = Release|Any CPU
		{EB964FF7-EF53-4215-5D74-F085B3762B89}.Release|x86.Build.0 = Release|Any CPU
		{F15A2A44-8C90-62BA-5F63-C97566A42175}.Debug|Any CPU.ActiveCfg = Debug|Any CPU
		{F15A2A44-8C90-62BA-5F63-C97566A42175}.Debug|Any CPU.Build.0 = Debug|Any CPU
		{F15A2A44-8C90-62BA-5F63-C97566A42175}.Debug|x64.ActiveCfg = Debug|Any CPU
		{F15A2A44-8C90-62BA-5F63-C97566A42175}.Debug|x64.Build.0 = Debug|Any CPU
		{F15A2A44-8C90-62BA-5F63-C97566A42175}.Debug|x86.ActiveCfg = Debug|Any CPU
		{F15A2A44-8C90-62BA-5F63-C97566A42175}.Debug|x86.Build.0 = Debug|Any CPU
		{F15A2A44-8C90-62BA-5F63-C97566A42175}.Release|Any CPU.ActiveCfg = Release|Any CPU
		{F15A2A44-8C90-62BA-5F63-C97566A42175}.Release|Any CPU.Build.0 = Release|Any CPU
		{F15A2A44-8C90-62BA-5F63-C97566A42175}.Release|x64.ActiveCfg = Release|Any CPU
		{F15A2A44-8C90-62BA-5F63-C97566A42175}.Release|x64.Build.0 = Release|Any CPU
		{F15A2A44-8C90-62BA-5F63-C97566A42175}.Release|x86.ActiveCfg = Release|Any CPU
		{F15A2A44-8C90-62BA-5F63-C97566A42175}.Release|x86.Build.0 = Release|Any CPU
		{135ACC1E-7FF5-C8FE-2B2A-B17F706B04F7}.Debug|Any CPU.ActiveCfg = Debug|Any CPU
		{135ACC1E-7FF5-C8FE-2B2A-B17F706B04F7}.Debug|Any CPU.Build.0 = Debug|Any CPU
		{135ACC1E-7FF5-C8FE-2B2A-B17F706B04F7}.Debug|x64.ActiveCfg = Debug|Any CPU
		{135ACC1E-7FF5-C8FE-2B2A-B17F706B04F7}.Debug|x64.Build.0 = Debug|Any CPU
		{135ACC1E-7FF5-C8FE-2B2A-B17F706B04F7}.Debug|x86.ActiveCfg = Debug|Any CPU
		{135ACC1E-7FF5-C8FE-2B2A-B17F706B04F7}.Debug|x86.Build.0 = Debug|Any CPU
		{135ACC1E-7FF5-C8FE-2B2A-B17F706B04F7}.Release|Any CPU.ActiveCfg = Release|Any CPU
		{135ACC1E-7FF5-C8FE-2B2A-B17F706B04F7}.Release|Any CPU.Build.0 = Release|Any CPU
		{135ACC1E-7FF5-C8FE-2B2A-B17F706B04F7}.Release|x64.ActiveCfg = Release|Any CPU
		{135ACC1E-7FF5-C8FE-2B2A-B17F706B04F7}.Release|x64.Build.0 = Release|Any CPU
		{135ACC1E-7FF5-C8FE-2B2A-B17F706B04F7}.Release|x86.ActiveCfg = Release|Any CPU
		{135ACC1E-7FF5-C8FE-2B2A-B17F706B04F7}.Release|x86.Build.0 = Release|Any CPU
	EndGlobalSection
	GlobalSection(NestedProjects) = preSolution
		{324C8847-3CD5-FD45-FA04-BA4152DDFF52} = {FBF56CC3-7AE6-AD2D-3F14-7F97FD322CD6}
		{73E53DB8-385D-6F04-9E54-2F2C778CB7CC} = {FBF56CC3-7AE6-AD2D-3F14-7F97FD322CD6}
		{D36811BC-6BF1-67C1-9C39-9474E4FA4BAF} = {FBF56CC3-7AE6-AD2D-3F14-7F97FD322CD6}
		{E2DD866F-D1C6-97B3-AADB-79ED206ADA58} = {C09A51A1-1536-8A3F-9D3D-51DAA622E1C3}
		{161274AB-FF36-4968-D21A-25F6F1EDB054} = {C09A51A1-1536-8A3F-9D3D-51DAA622E1C3}
		{73C932AF-72C1-D09A-CB55-C2F2A1F243DF} = {C09A51A1-1536-8A3F-9D3D-51DAA622E1C3}
		{E2587D01-8FD2-3681-FC71-D9518E5E0032} = {C09A51A1-1536-8A3F-9D3D-51DAA622E1C3}
		{72A5726F-6F1C-740D-8372-B1825A9434BF} = {CA253913-39DE-BFD0-C9A3-4B7EC6FBDF17}
		{FBA2A596-781F-D4F6-07AB-218A2228D6AF} = {CA253913-39DE-BFD0-C9A3-4B7EC6FBDF17}
		{470ECDE8-D15E-A0A2-03CD-3C9ADBAA15E0} = {CA253913-39DE-BFD0-C9A3-4B7EC6FBDF17}
		{1748C786-45B0-0E78-DE07-5A20E0A55218} = {CA253913-39DE-BFD0-C9A3-4B7EC6FBDF17}
		{D20FFE78-09D7-1CC0-4B79-DD995DA9C46E} = {4F52FD11-658E-A102-6CD3-7D7C16FFA15B}
		{4341D541-654B-D503-4EF7-30B045C3914E} = {4F52FD11-658E-A102-6CD3-7D7C16FFA15B}
		{87F5D1E9-CAAA-4B4B-C0C9-B4E9057C7431} = {4F52FD11-658E-A102-6CD3-7D7C16FFA15B}
		{6D6D9A53-ACAA-71A2-D07B-DFB76AFB5B1D} = {0AB3BF05-4346-4AA6-1389-037BE0695223}
		{2095BE86-C6CB-DA58-74E4-9AE684688236} = {0AB3BF05-4346-4AA6-1389-037BE0695223}
		{EB964FF7-EF53-4215-5D74-F085B3762B89} = {0AB3BF05-4346-4AA6-1389-037BE0695223}
		{F15A2A44-8C90-62BA-5F63-C97566A42175} = {0AB3BF05-4346-4AA6-1389-037BE0695223}
		{135ACC1E-7FF5-C8FE-2B2A-B17F706B04F7} = {0AB3BF05-4346-4AA6-1389-037BE0695223}
	EndGlobalSection
EndGlobal
