
Microsoft Visual Studio Solution File, Format Version 12.00
Project("{2150E333-8FDC-42A3-9474-1A3956D46DE8}") = "Modules", "Modules", "{71EE0E1A-401D-4FAA-8CD8-A9B86143FB00}"
EndProject
Project("{2150E333-8FDC-42A3-9474-1A3956D46DE8}") = "Shared", "Shared", "{E0911234-B200-4FC9-B798-C16E7F2FD2BB}"
EndProject
Project("{2150E333-8FDC-42A3-9474-1A3956D46DE8}") = "Core", "Core", "{6C7EDFCC-D2A6-4C98-8F23-C8D3B3E468AD}"
EndProject
Project("{2150E333-8FDC-42A3-9474-1A3956D46DE8}") = "Executables", "Executables", "{73DE9002-E934-4CDB-97BD-C846EDD80904}"
EndProject
Project("{FAE04EC0-301F-11D3-BF4B-00C04F79EFBC}") = "Axorith.Client", "src\Client\Axorith.Client.csproj", "{0F83DF25-24BD-4CCE-8123-3E4D08EF9EFE}"
EndProject
Project("{FAE04EC0-301F-11D3-BF4B-00C04F79EFBC}") = "Axorith.Core", "src\Core\Axorith.Core.csproj", "{EAAB57E6-2020-48A9-945F-013CB6CFBF7C}"
EndProject
Project("{FAE04EC0-301F-11D3-BF4B-00C04F79EFBC}") = "Axorith.Sdk", "src\Sdk\Axorith.Sdk.csproj", "{F91CA828-8286-495A-918C-FA8D39E2990F}"
EndProject
Project("{FAE04EC0-301F-11D3-BF4B-00C04F79EFBC}") = "Axorith.Module.ApplicationLauncher.Windows", "src\Modules\ApplicationLauncher\Axorith.Module.ApplicationLauncher.Windows.csproj", "{7F27A427-A04B-4C7F-A071-F6C81BBE9CBC}"
EndProject
Project("{FAE04EC0-301F-11D3-BF4B-00C04F79EFBC}") = "Axorith.Module.Test", "src\Modules\Test\Axorith.Module.Test.csproj", "{9CD5B3EC-D3D5-4EF1-8C9C-BC783C3EBEF7}"
EndProject
Project("{FAE04EC0-301F-11D3-BF4B-00C04F79EFBC}") = "Axorith.Shared.Utils", "src\Shared\Utils\Axorith.Shared.Utils.csproj", "{64883A08-3FE4-4170-99C8-5798E37E828B}"
EndProject
Project("{FAE04EC0-301F-11D3-BF4B-00C04F79EFBC}") = "Axorith.Shared.Exceptions", "src\Shared\Exceptions\Axorith.Shared.Exceptions.csproj", "{4AA8DBAA-472A-49F5-8210-08DDB77CC12F}"
EndProject
Project("{2150E333-8FDC-42A3-9474-1A3956D46DE8}") = "Platform", "Platform", "{1D0EAC33-3B65-43B6-8DD5-CCD5C0014DAD}"
EndProject
Project("{FAE04EC0-301F-11D3-BF4B-00C04F79EFBC}") = "Axorith.Shared.Platform.Windows", "src\Shared\Platform\Windows\Axorith.Shared.Platform.Windows.csproj", "{78F0988B-F960-41BB-A2B2-C797BCFF212E}"
EndProject
Project("{FAE04EC0-301F-11D3-BF4B-00C04F79EFBC}") = "Axorith.Module.SiteBlocker", "src\Modules\SiteBlocker\Axorith.Module.SiteBlocker.csproj", "{24122BFD-D20C-488E-827F-D96F282D4479}"
EndProject
Project("{FAE04EC0-301F-11D3-BF4B-00C04F79EFBC}") = "Axorith.Module.Spotify", "src\Modules\Spotify\Axorith.Module.Spotify.csproj", "{8FF3959D-DBAB-42DF-83E9-783807AE7239}"
EndProject
Project("{2150E333-8FDC-42A3-9474-1A3956D46DE8}") = "Tests", "Tests", "{B2AEC4CE-3F78-4DD6-A091-CBC052C88969}"
EndProject
Project("{FAE04EC0-301F-11D3-BF4B-00C04F79EFBC}") = "Axorith.Core.Tests", "tests\Axorith.Core.Tests\Axorith.Core.Tests.csproj", "{11880A58-040D-4A66-A654-BF7D7C8B3425}"
EndProject
Project("{FAE04EC0-301F-11D3-BF4B-00C04F79EFBC}") = "Axorith.Sdk.Tests", "tests\Axorith.Sdk.Tests\Axorith.Sdk.Tests.csproj", "{27EB28A1-1A07-4442-9398-F9A172EA4A0B}"
EndProject
Project("{FAE04EC0-301F-11D3-BF4B-00C04F79EFBC}") = "Axorith.Shared.Tests", "tests\Axorith.Shared.Tests\Axorith.Shared.Tests.csproj", "{D074171C-7EEC-4D2B-9DEE-F92A99FD84D6}"
EndProject
Project("{FAE04EC0-301F-11D3-BF4B-00C04F79EFBC}") = "Axorith.Contracts", "src\Contracts\Axorith.Contracts.csproj", "{C1B2D3E4-F5A6-4B7C-8D9E-0F1A2B3C4D5E}"
EndProject
Project("{FAE04EC0-301F-11D3-BF4B-00C04F79EFBC}") = "Axorith.Host", "src\Host\Axorith.Host.csproj", "{112C984C-EDA9-4FFF-A1E4-58C96ED57E5F}"
EndProject
Project("{FAE04EC0-301F-11D3-BF4B-00C04F79EFBC}") = "Axorith.Service", "src\Service\Axorith.Service.csproj", "{CB4A4A4F-374A-4574-AE60-FA62411F6BD8}"
EndProject
Project("{FAE04EC0-301F-11D3-BF4B-00C04F79EFBC}") = "Axorith.Shim", "src\Shim\Axorith.Shim.csproj", "{88FB2D75-8D51-44A3-995E-92A456CB67B3}"
EndProject
Global
	GlobalSection(SolutionConfigurationPlatforms) = preSolution
		Debug|Any CPU = Debug|Any CPU
		Debug|x64 = Debug|x64
		Debug|x86 = Debug|x86
		Release|Any CPU = Release|Any CPU
		Release|x64 = Release|x64
		Release|x86 = Release|x86
	EndGlobalSection
	GlobalSection(ProjectConfigurationPlatforms) = postSolution
		{0F83DF25-24BD-4CCE-8123-3E4D08EF9EFE}.Debug|Any CPU.ActiveCfg = Debug|Any CPU
		{0F83DF25-24BD-4CCE-8123-3E4D08EF9EFE}.Debug|Any CPU.Build.0 = Debug|Any CPU
		{0F83DF25-24BD-4CCE-8123-3E4D08EF9EFE}.Debug|x64.ActiveCfg = Debug|Any CPU
		{0F83DF25-24BD-4CCE-8123-3E4D08EF9EFE}.Debug|x64.Build.0 = Debug|Any CPU
		{0F83DF25-24BD-4CCE-8123-3E4D08EF9EFE}.Debug|x86.ActiveCfg = Debug|Any CPU
		{0F83DF25-24BD-4CCE-8123-3E4D08EF9EFE}.Debug|x86.Build.0 = Debug|Any CPU
		{0F83DF25-24BD-4CCE-8123-3E4D08EF9EFE}.Release|Any CPU.ActiveCfg = Release|Any CPU
		{0F83DF25-24BD-4CCE-8123-3E4D08EF9EFE}.Release|Any CPU.Build.0 = Release|Any CPU
		{0F83DF25-24BD-4CCE-8123-3E4D08EF9EFE}.Release|x64.ActiveCfg = Release|Any CPU
		{0F83DF25-24BD-4CCE-8123-3E4D08EF9EFE}.Release|x64.Build.0 = Release|Any CPU
		{0F83DF25-24BD-4CCE-8123-3E4D08EF9EFE}.Release|x86.ActiveCfg = Release|Any CPU
		{0F83DF25-24BD-4CCE-8123-3E4D08EF9EFE}.Release|x86.Build.0 = Release|Any CPU
		{EAAB57E6-2020-48A9-945F-013CB6CFBF7C}.Debug|Any CPU.ActiveCfg = Debug|Any CPU
		{EAAB57E6-2020-48A9-945F-013CB6CFBF7C}.Debug|Any CPU.Build.0 = Debug|Any CPU
		{EAAB57E6-2020-48A9-945F-013CB6CFBF7C}.Debug|x64.ActiveCfg = Debug|Any CPU
		{EAAB57E6-2020-48A9-945F-013CB6CFBF7C}.Debug|x64.Build.0 = Debug|Any CPU
		{EAAB57E6-2020-48A9-945F-013CB6CFBF7C}.Debug|x86.ActiveCfg = Debug|Any CPU
		{EAAB57E6-2020-48A9-945F-013CB6CFBF7C}.Debug|x86.Build.0 = Debug|Any CPU
		{EAAB57E6-2020-48A9-945F-013CB6CFBF7C}.Release|Any CPU.ActiveCfg = Release|Any CPU
		{EAAB57E6-2020-48A9-945F-013CB6CFBF7C}.Release|Any CPU.Build.0 = Release|Any CPU
		{EAAB57E6-2020-48A9-945F-013CB6CFBF7C}.Release|x64.ActiveCfg = Release|Any CPU
		{EAAB57E6-2020-48A9-945F-013CB6CFBF7C}.Release|x64.Build.0 = Release|Any CPU
		{EAAB57E6-2020-48A9-945F-013CB6CFBF7C}.Release|x86.ActiveCfg = Release|Any CPU
		{EAAB57E6-2020-48A9-945F-013CB6CFBF7C}.Release|x86.Build.0 = Release|Any CPU
		{F91CA828-8286-495A-918C-FA8D39E2990F}.Debug|Any CPU.ActiveCfg = Debug|Any CPU
		{F91CA828-8286-495A-918C-FA8D39E2990F}.Debug|Any CPU.Build.0 = Debug|Any CPU
		{F91CA828-8286-495A-918C-FA8D39E2990F}.Debug|x64.ActiveCfg = Debug|Any CPU
		{F91CA828-8286-495A-918C-FA8D39E2990F}.Debug|x64.Build.0 = Debug|Any CPU
		{F91CA828-8286-495A-918C-FA8D39E2990F}.Debug|x86.ActiveCfg = Debug|Any CPU
		{F91CA828-8286-495A-918C-FA8D39E2990F}.Debug|x86.Build.0 = Debug|Any CPU
		{F91CA828-8286-495A-918C-FA8D39E2990F}.Release|Any CPU.ActiveCfg = Release|Any CPU
		{F91CA828-8286-495A-918C-FA8D39E2990F}.Release|Any CPU.Build.0 = Release|Any CPU
		{F91CA828-8286-495A-918C-FA8D39E2990F}.Release|x64.ActiveCfg = Release|Any CPU
		{F91CA828-8286-495A-918C-FA8D39E2990F}.Release|x64.Build.0 = Release|Any CPU
		{F91CA828-8286-495A-918C-FA8D39E2990F}.Release|x86.ActiveCfg = Release|Any CPU
		{F91CA828-8286-495A-918C-FA8D39E2990F}.Release|x86.Build.0 = Release|Any CPU
		{7F27A427-A04B-4C7F-A071-F6C81BBE9CBC}.Debug|Any CPU.ActiveCfg = Debug|Any CPU
		{7F27A427-A04B-4C7F-A071-F6C81BBE9CBC}.Debug|Any CPU.Build.0 = Debug|Any CPU
		{7F27A427-A04B-4C7F-A071-F6C81BBE9CBC}.Debug|x64.ActiveCfg = Debug|Any CPU
		{7F27A427-A04B-4C7F-A071-F6C81BBE9CBC}.Debug|x64.Build.0 = Debug|Any CPU
		{7F27A427-A04B-4C7F-A071-F6C81BBE9CBC}.Debug|x86.ActiveCfg = Debug|Any CPU
		{7F27A427-A04B-4C7F-A071-F6C81BBE9CBC}.Debug|x86.Build.0 = Debug|Any CPU
		{7F27A427-A04B-4C7F-A071-F6C81BBE9CBC}.Release|Any CPU.ActiveCfg = Release|Any CPU
		{7F27A427-A04B-4C7F-A071-F6C81BBE9CBC}.Release|Any CPU.Build.0 = Release|Any CPU
		{7F27A427-A04B-4C7F-A071-F6C81BBE9CBC}.Release|x64.ActiveCfg = Release|Any CPU
		{7F27A427-A04B-4C7F-A071-F6C81BBE9CBC}.Release|x64.Build.0 = Release|Any CPU
		{7F27A427-A04B-4C7F-A071-F6C81BBE9CBC}.Release|x86.ActiveCfg = Release|Any CPU
		{7F27A427-A04B-4C7F-A071-F6C81BBE9CBC}.Release|x86.Build.0 = Release|Any CPU
		{9CD5B3EC-D3D5-4EF1-8C9C-BC783C3EBEF7}.Debug|Any CPU.ActiveCfg = Debug|Any CPU
		{9CD5B3EC-D3D5-4EF1-8C9C-BC783C3EBEF7}.Debug|Any CPU.Build.0 = Debug|Any CPU
		{9CD5B3EC-D3D5-4EF1-8C9C-BC783C3EBEF7}.Debug|x64.ActiveCfg = Debug|Any CPU
		{9CD5B3EC-D3D5-4EF1-8C9C-BC783C3EBEF7}.Debug|x64.Build.0 = Debug|Any CPU
		{9CD5B3EC-D3D5-4EF1-8C9C-BC783C3EBEF7}.Debug|x86.ActiveCfg = Debug|Any CPU
		{9CD5B3EC-D3D5-4EF1-8C9C-BC783C3EBEF7}.Debug|x86.Build.0 = Debug|Any CPU
		{9CD5B3EC-D3D5-4EF1-8C9C-BC783C3EBEF7}.Release|Any CPU.ActiveCfg = Release|Any CPU
		{9CD5B3EC-D3D5-4EF1-8C9C-BC783C3EBEF7}.Release|Any CPU.Build.0 = Release|Any CPU
		{9CD5B3EC-D3D5-4EF1-8C9C-BC783C3EBEF7}.Release|x64.ActiveCfg = Release|Any CPU
		{9CD5B3EC-D3D5-4EF1-8C9C-BC783C3EBEF7}.Release|x64.Build.0 = Release|Any CPU
		{9CD5B3EC-D3D5-4EF1-8C9C-BC783C3EBEF7}.Release|x86.ActiveCfg = Release|Any CPU
		{9CD5B3EC-D3D5-4EF1-8C9C-BC783C3EBEF7}.Release|x86.Build.0 = Release|Any CPU
		{64883A08-3FE4-4170-99C8-5798E37E828B}.Debug|Any CPU.ActiveCfg = Debug|Any CPU
		{64883A08-3FE4-4170-99C8-5798E37E828B}.Debug|Any CPU.Build.0 = Debug|Any CPU
		{64883A08-3FE4-4170-99C8-5798E37E828B}.Debug|x64.ActiveCfg = Debug|Any CPU
		{64883A08-3FE4-4170-99C8-5798E37E828B}.Debug|x64.Build.0 = Debug|Any CPU
		{64883A08-3FE4-4170-99C8-5798E37E828B}.Debug|x86.ActiveCfg = Debug|Any CPU
		{64883A08-3FE4-4170-99C8-5798E37E828B}.Debug|x86.Build.0 = Debug|Any CPU
		{64883A08-3FE4-4170-99C8-5798E37E828B}.Release|Any CPU.ActiveCfg = Release|Any CPU
		{64883A08-3FE4-4170-99C8-5798E37E828B}.Release|Any CPU.Build.0 = Release|Any CPU
		{64883A08-3FE4-4170-99C8-5798E37E828B}.Release|x64.ActiveCfg = Release|Any CPU
		{64883A08-3FE4-4170-99C8-5798E37E828B}.Release|x64.Build.0 = Release|Any CPU
		{64883A08-3FE4-4170-99C8-5798E37E828B}.Release|x86.ActiveCfg = Release|Any CPU
		{64883A08-3FE4-4170-99C8-5798E37E828B}.Release|x86.Build.0 = Release|Any CPU
		{4AA8DBAA-472A-49F5-8210-08DDB77CC12F}.Debug|Any CPU.ActiveCfg = Debug|Any CPU
		{4AA8DBAA-472A-49F5-8210-08DDB77CC12F}.Debug|Any CPU.Build.0 = Debug|Any CPU
		{4AA8DBAA-472A-49F5-8210-08DDB77CC12F}.Debug|x64.ActiveCfg = Debug|Any CPU
		{4AA8DBAA-472A-49F5-8210-08DDB77CC12F}.Debug|x64.Build.0 = Debug|Any CPU
		{4AA8DBAA-472A-49F5-8210-08DDB77CC12F}.Debug|x86.ActiveCfg = Debug|Any CPU
		{4AA8DBAA-472A-49F5-8210-08DDB77CC12F}.Debug|x86.Build.0 = Debug|Any CPU
		{4AA8DBAA-472A-49F5-8210-08DDB77CC12F}.Release|Any CPU.ActiveCfg = Release|Any CPU
		{4AA8DBAA-472A-49F5-8210-08DDB77CC12F}.Release|Any CPU.Build.0 = Release|Any CPU
		{4AA8DBAA-472A-49F5-8210-08DDB77CC12F}.Release|x64.ActiveCfg = Release|Any CPU
		{4AA8DBAA-472A-49F5-8210-08DDB77CC12F}.Release|x64.Build.0 = Release|Any CPU
		{4AA8DBAA-472A-49F5-8210-08DDB77CC12F}.Release|x86.ActiveCfg = Release|Any CPU
		{4AA8DBAA-472A-49F5-8210-08DDB77CC12F}.Release|x86.Build.0 = Release|Any CPU
		{78F0988B-F960-41BB-A2B2-C797BCFF212E}.Debug|Any CPU.ActiveCfg = Debug|Any CPU
		{78F0988B-F960-41BB-A2B2-C797BCFF212E}.Debug|Any CPU.Build.0 = Debug|Any CPU
		{78F0988B-F960-41BB-A2B2-C797BCFF212E}.Debug|x64.ActiveCfg = Debug|Any CPU
		{78F0988B-F960-41BB-A2B2-C797BCFF212E}.Debug|x64.Build.0 = Debug|Any CPU
		{78F0988B-F960-41BB-A2B2-C797BCFF212E}.Debug|x86.ActiveCfg = Debug|Any CPU
		{78F0988B-F960-41BB-A2B2-C797BCFF212E}.Debug|x86.Build.0 = Debug|Any CPU
		{78F0988B-F960-41BB-A2B2-C797BCFF212E}.Release|Any CPU.ActiveCfg = Release|Any CPU
		{78F0988B-F960-41BB-A2B2-C797BCFF212E}.Release|Any CPU.Build.0 = Release|Any CPU
		{78F0988B-F960-41BB-A2B2-C797BCFF212E}.Release|x64.ActiveCfg = Release|Any CPU
		{78F0988B-F960-41BB-A2B2-C797BCFF212E}.Release|x64.Build.0 = Release|Any CPU
		{78F0988B-F960-41BB-A2B2-C797BCFF212E}.Release|x86.ActiveCfg = Release|Any CPU
		{78F0988B-F960-41BB-A2B2-C797BCFF212E}.Release|x86.Build.0 = Release|Any CPU
		{24122BFD-D20C-488E-827F-D96F282D4479}.Debug|Any CPU.ActiveCfg = Debug|Any CPU
		{24122BFD-D20C-488E-827F-D96F282D4479}.Debug|Any CPU.Build.0 = Debug|Any CPU
		{24122BFD-D20C-488E-827F-D96F282D4479}.Debug|x64.ActiveCfg = Debug|Any CPU
		{24122BFD-D20C-488E-827F-D96F282D4479}.Debug|x64.Build.0 = Debug|Any CPU
		{24122BFD-D20C-488E-827F-D96F282D4479}.Debug|x86.ActiveCfg = Debug|Any CPU
		{24122BFD-D20C-488E-827F-D96F282D4479}.Debug|x86.Build.0 = Debug|Any CPU
		{24122BFD-D20C-488E-827F-D96F282D4479}.Release|Any CPU.ActiveCfg = Release|Any CPU
		{24122BFD-D20C-488E-827F-D96F282D4479}.Release|Any CPU.Build.0 = Release|Any CPU
		{24122BFD-D20C-488E-827F-D96F282D4479}.Release|x64.ActiveCfg = Release|Any CPU
		{24122BFD-D20C-488E-827F-D96F282D4479}.Release|x64.Build.0 = Release|Any CPU
		{24122BFD-D20C-488E-827F-D96F282D4479}.Release|x86.ActiveCfg = Release|Any CPU
		{24122BFD-D20C-488E-827F-D96F282D4479}.Release|x86.Build.0 = Release|Any CPU
		{8FF3959D-DBAB-42DF-83E9-783807AE7239}.Debug|Any CPU.ActiveCfg = Debug|Any CPU
		{8FF3959D-DBAB-42DF-83E9-783807AE7239}.Debug|Any CPU.Build.0 = Debug|Any CPU
		{8FF3959D-DBAB-42DF-83E9-783807AE7239}.Debug|x64.ActiveCfg = Debug|Any CPU
		{8FF3959D-DBAB-42DF-83E9-783807AE7239}.Debug|x64.Build.0 = Debug|Any CPU
		{8FF3959D-DBAB-42DF-83E9-783807AE7239}.Debug|x86.ActiveCfg = Debug|Any CPU
		{8FF3959D-DBAB-42DF-83E9-783807AE7239}.Debug|x86.Build.0 = Debug|Any CPU
		{8FF3959D-DBAB-42DF-83E9-783807AE7239}.Release|Any CPU.ActiveCfg = Release|Any CPU
		{8FF3959D-DBAB-42DF-83E9-783807AE7239}.Release|Any CPU.Build.0 = Release|Any CPU
		{8FF3959D-DBAB-42DF-83E9-783807AE7239}.Release|x64.ActiveCfg = Release|Any CPU
		{8FF3959D-DBAB-42DF-83E9-783807AE7239}.Release|x64.Build.0 = Release|Any CPU
		{8FF3959D-DBAB-42DF-83E9-783807AE7239}.Release|x86.ActiveCfg = Release|Any CPU
		{8FF3959D-DBAB-42DF-83E9-783807AE7239}.Release|x86.Build.0 = Release|Any CPU
		{11880A58-040D-4A66-A654-BF7D7C8B3425}.Debug|Any CPU.ActiveCfg = Debug|Any CPU
		{11880A58-040D-4A66-A654-BF7D7C8B3425}.Debug|Any CPU.Build.0 = Debug|Any CPU
		{11880A58-040D-4A66-A654-BF7D7C8B3425}.Debug|x64.ActiveCfg = Debug|Any CPU
		{11880A58-040D-4A66-A654-BF7D7C8B3425}.Debug|x64.Build.0 = Debug|Any CPU
		{11880A58-040D-4A66-A654-BF7D7C8B3425}.Debug|x86.ActiveCfg = Debug|Any CPU
		{11880A58-040D-4A66-A654-BF7D7C8B3425}.Debug|x86.Build.0 = Debug|Any CPU
		{11880A58-040D-4A66-A654-BF7D7C8B3425}.Release|Any CPU.ActiveCfg = Release|Any CPU
		{11880A58-040D-4A66-A654-BF7D7C8B3425}.Release|Any CPU.Build.0 = Release|Any CPU
		{11880A58-040D-4A66-A654-BF7D7C8B3425}.Release|x64.ActiveCfg = Release|Any CPU
		{11880A58-040D-4A66-A654-BF7D7C8B3425}.Release|x64.Build.0 = Release|Any CPU
		{11880A58-040D-4A66-A654-BF7D7C8B3425}.Release|x86.ActiveCfg = Release|Any CPU
		{11880A58-040D-4A66-A654-BF7D7C8B3425}.Release|x86.Build.0 = Release|Any CPU
		{27EB28A1-1A07-4442-9398-F9A172EA4A0B}.Debug|Any CPU.ActiveCfg = Debug|Any CPU
		{27EB28A1-1A07-4442-9398-F9A172EA4A0B}.Debug|Any CPU.Build.0 = Debug|Any CPU
		{27EB28A1-1A07-4442-9398-F9A172EA4A0B}.Debug|x64.ActiveCfg = Debug|Any CPU
		{27EB28A1-1A07-4442-9398-F9A172EA4A0B}.Debug|x64.Build.0 = Debug|Any CPU
		{27EB28A1-1A07-4442-9398-F9A172EA4A0B}.Debug|x86.ActiveCfg = Debug|Any CPU
		{27EB28A1-1A07-4442-9398-F9A172EA4A0B}.Debug|x86.Build.0 = Debug|Any CPU
		{27EB28A1-1A07-4442-9398-F9A172EA4A0B}.Release|Any CPU.ActiveCfg = Release|Any CPU
		{27EB28A1-1A07-4442-9398-F9A172EA4A0B}.Release|Any CPU.Build.0 = Release|Any CPU
		{27EB28A1-1A07-4442-9398-F9A172EA4A0B}.Release|x64.ActiveCfg = Release|Any CPU
		{27EB28A1-1A07-4442-9398-F9A172EA4A0B}.Release|x64.Build.0 = Release|Any CPU
		{27EB28A1-1A07-4442-9398-F9A172EA4A0B}.Release|x86.ActiveCfg = Release|Any CPU
		{27EB28A1-1A07-4442-9398-F9A172EA4A0B}.Release|x86.Build.0 = Release|Any CPU
		{D074171C-7EEC-4D2B-9DEE-F92A99FD84D6}.Debug|Any CPU.ActiveCfg = Debug|Any CPU
		{D074171C-7EEC-4D2B-9DEE-F92A99FD84D6}.Debug|Any CPU.Build.0 = Debug|Any CPU
		{D074171C-7EEC-4D2B-9DEE-F92A99FD84D6}.Debug|x64.ActiveCfg = Debug|Any CPU
		{D074171C-7EEC-4D2B-9DEE-F92A99FD84D6}.Debug|x64.Build.0 = Debug|Any CPU
		{D074171C-7EEC-4D2B-9DEE-F92A99FD84D6}.Debug|x86.ActiveCfg = Debug|Any CPU
		{D074171C-7EEC-4D2B-9DEE-F92A99FD84D6}.Debug|x86.Build.0 = Debug|Any CPU
		{D074171C-7EEC-4D2B-9DEE-F92A99FD84D6}.Release|Any CPU.ActiveCfg = Release|Any CPU
		{D074171C-7EEC-4D2B-9DEE-F92A99FD84D6}.Release|Any CPU.Build.0 = Release|Any CPU
		{D074171C-7EEC-4D2B-9DEE-F92A99FD84D6}.Release|x64.ActiveCfg = Release|Any CPU
		{D074171C-7EEC-4D2B-9DEE-F92A99FD84D6}.Release|x64.Build.0 = Release|Any CPU
		{D074171C-7EEC-4D2B-9DEE-F92A99FD84D6}.Release|x86.ActiveCfg = Release|Any CPU
		{D074171C-7EEC-4D2B-9DEE-F92A99FD84D6}.Release|x86.Build.0 = Release|Any CPU
		{C1B2D3E4-F5A6-4B7C-8D9E-0F1A2B3C4D5E}.Debug|Any CPU.ActiveCfg = Debug|Any CPU
		{C1B2D3E4-F5A6-4B7C-8D9E-0F1A2B3C4D5E}.Debug|Any CPU.Build.0 = Debug|Any CPU
		{C1B2D3E4-F5A6-4B7C-8D9E-0F1A2B3C4D5E}.Debug|x64.ActiveCfg = Debug|Any CPU
		{C1B2D3E4-F5A6-4B7C-8D9E-0F1A2B3C4D5E}.Debug|x64.Build.0 = Debug|Any CPU
		{C1B2D3E4-F5A6-4B7C-8D9E-0F1A2B3C4D5E}.Debug|x86.ActiveCfg = Debug|Any CPU
		{C1B2D3E4-F5A6-4B7C-8D9E-0F1A2B3C4D5E}.Debug|x86.Build.0 = Debug|Any CPU
		{C1B2D3E4-F5A6-4B7C-8D9E-0F1A2B3C4D5E}.Release|Any CPU.ActiveCfg = Release|Any CPU
		{C1B2D3E4-F5A6-4B7C-8D9E-0F1A2B3C4D5E}.Release|Any CPU.Build.0 = Release|Any CPU
		{C1B2D3E4-F5A6-4B7C-8D9E-0F1A2B3C4D5E}.Release|x64.ActiveCfg = Release|Any CPU
		{C1B2D3E4-F5A6-4B7C-8D9E-0F1A2B3C4D5E}.Release|x64.Build.0 = Release|Any CPU
		{C1B2D3E4-F5A6-4B7C-8D9E-0F1A2B3C4D5E}.Release|x86.ActiveCfg = Release|Any CPU
		{C1B2D3E4-F5A6-4B7C-8D9E-0F1A2B3C4D5E}.Release|x86.Build.0 = Release|Any CPU
		{112C984C-EDA9-4FFF-A1E4-58C96ED57E5F}.Debug|Any CPU.ActiveCfg = Debug|Any CPU
		{112C984C-EDA9-4FFF-A1E4-58C96ED57E5F}.Debug|Any CPU.Build.0 = Debug|Any CPU
		{112C984C-EDA9-4FFF-A1E4-58C96ED57E5F}.Debug|x64.ActiveCfg = Debug|Any CPU
		{112C984C-EDA9-4FFF-A1E4-58C96ED57E5F}.Debug|x64.Build.0 = Debug|Any CPU
		{112C984C-EDA9-4FFF-A1E4-58C96ED57E5F}.Debug|x86.ActiveCfg = Debug|Any CPU
		{112C984C-EDA9-4FFF-A1E4-58C96ED57E5F}.Debug|x86.Build.0 = Debug|Any CPU
		{112C984C-EDA9-4FFF-A1E4-58C96ED57E5F}.Release|Any CPU.ActiveCfg = Release|Any CPU
		{112C984C-EDA9-4FFF-A1E4-58C96ED57E5F}.Release|Any CPU.Build.0 = Release|Any CPU
		{112C984C-EDA9-4FFF-A1E4-58C96ED57E5F}.Release|x64.ActiveCfg = Release|Any CPU
		{112C984C-EDA9-4FFF-A1E4-58C96ED57E5F}.Release|x64.Build.0 = Release|Any CPU
		{112C984C-EDA9-4FFF-A1E4-58C96ED57E5F}.Release|x86.ActiveCfg = Release|Any CPU
		{112C984C-EDA9-4FFF-A1E4-58C96ED57E5F}.Release|x86.Build.0 = Release|Any CPU
		{CB4A4A4F-374A-4574-AE60-FA62411F6BD8}.Debug|Any CPU.ActiveCfg = Debug|Any CPU
		{CB4A4A4F-374A-4574-AE60-FA62411F6BD8}.Debug|Any CPU.Build.0 = Debug|Any CPU
		{CB4A4A4F-374A-4574-AE60-FA62411F6BD8}.Debug|x64.ActiveCfg = Debug|Any CPU
		{CB4A4A4F-374A-4574-AE60-FA62411F6BD8}.Debug|x64.Build.0 = Debug|Any CPU
		{CB4A4A4F-374A-4574-AE60-FA62411F6BD8}.Debug|x86.ActiveCfg = Debug|Any CPU
		{CB4A4A4F-374A-4574-AE60-FA62411F6BD8}.Debug|x86.Build.0 = Debug|Any CPU
		{CB4A4A4F-374A-4574-AE60-FA62411F6BD8}.Release|Any CPU.ActiveCfg = Release|Any CPU
		{CB4A4A4F-374A-4574-AE60-FA62411F6BD8}.Release|Any CPU.Build.0 = Release|Any CPU
		{CB4A4A4F-374A-4574-AE60-FA62411F6BD8}.Release|x64.ActiveCfg = Release|Any CPU
		{CB4A4A4F-374A-4574-AE60-FA62411F6BD8}.Release|x64.Build.0 = Release|Any CPU
		{CB4A4A4F-374A-4574-AE60-FA62411F6BD8}.Release|x86.ActiveCfg = Release|Any CPU
		{CB4A4A4F-374A-4574-AE60-FA62411F6BD8}.Release|x86.Build.0 = Release|Any CPU
		{88FB2D75-8D51-44A3-995E-92A456CB67B3}.Debug|Any CPU.ActiveCfg = Debug|Any CPU
		{88FB2D75-8D51-44A3-995E-92A456CB67B3}.Debug|Any CPU.Build.0 = Debug|Any CPU
		{88FB2D75-8D51-44A3-995E-92A456CB67B3}.Debug|x64.ActiveCfg = Debug|Any CPU
		{88FB2D75-8D51-44A3-995E-92A456CB67B3}.Debug|x64.Build.0 = Debug|Any CPU
		{88FB2D75-8D51-44A3-995E-92A456CB67B3}.Debug|x86.ActiveCfg = Debug|Any CPU
		{88FB2D75-8D51-44A3-995E-92A456CB67B3}.Debug|x86.Build.0 = Debug|Any CPU
		{88FB2D75-8D51-44A3-995E-92A456CB67B3}.Release|Any CPU.ActiveCfg = Release|Any CPU
		{88FB2D75-8D51-44A3-995E-92A456CB67B3}.Release|Any CPU.Build.0 = Release|Any CPU
		{88FB2D75-8D51-44A3-995E-92A456CB67B3}.Release|x64.ActiveCfg = Release|Any CPU
		{88FB2D75-8D51-44A3-995E-92A456CB67B3}.Release|x64.Build.0 = Release|Any CPU
		{88FB2D75-8D51-44A3-995E-92A456CB67B3}.Release|x86.ActiveCfg = Release|Any CPU
		{88FB2D75-8D51-44A3-995E-92A456CB67B3}.Release|x86.Build.0 = Release|Any CPU
	EndGlobalSection
	GlobalSection(SolutionProperties) = preSolution
		HideSolutionNode = FALSE
	EndGlobalSection
	GlobalSection(NestedProjects) = preSolution
		{0F83DF25-24BD-4CCE-8123-3E4D08EF9EFE} = {73DE9002-E934-4CDB-97BD-C846EDD80904}
		{EAAB57E6-2020-48A9-945F-013CB6CFBF7C} = {6C7EDFCC-D2A6-4C98-8F23-C8D3B3E468AD}
		{F91CA828-8286-495A-918C-FA8D39E2990F} = {6C7EDFCC-D2A6-4C98-8F23-C8D3B3E468AD}
		{7F27A427-A04B-4C7F-A071-F6C81BBE9CBC} = {71EE0E1A-401D-4FAA-8CD8-A9B86143FB00}
		{9CD5B3EC-D3D5-4EF1-8C9C-BC783C3EBEF7} = {71EE0E1A-401D-4FAA-8CD8-A9B86143FB00}
		{64883A08-3FE4-4170-99C8-5798E37E828B} = {E0911234-B200-4FC9-B798-C16E7F2FD2BB}
		{4AA8DBAA-472A-49F5-8210-08DDB77CC12F} = {E0911234-B200-4FC9-B798-C16E7F2FD2BB}
		{1D0EAC33-3B65-43B6-8DD5-CCD5C0014DAD} = {E0911234-B200-4FC9-B798-C16E7F2FD2BB}
		{78F0988B-F960-41BB-A2B2-C797BCFF212E} = {1D0EAC33-3B65-43B6-8DD5-CCD5C0014DAD}
		{24122BFD-D20C-488E-827F-D96F282D4479} = {71EE0E1A-401D-4FAA-8CD8-A9B86143FB00}
		{8FF3959D-DBAB-42DF-83E9-783807AE7239} = {71EE0E1A-401D-4FAA-8CD8-A9B86143FB00}
		{11880A58-040D-4A66-A654-BF7D7C8B3425} = {B2AEC4CE-3F78-4DD6-A091-CBC052C88969}
		{27EB28A1-1A07-4442-9398-F9A172EA4A0B} = {B2AEC4CE-3F78-4DD6-A091-CBC052C88969}
		{D074171C-7EEC-4D2B-9DEE-F92A99FD84D6} = {B2AEC4CE-3F78-4DD6-A091-CBC052C88969}
		{C1B2D3E4-F5A6-4B7C-8D9E-0F1A2B3C4D5E} = {6C7EDFCC-D2A6-4C98-8F23-C8D3B3E468AD}
		{112C984C-EDA9-4FFF-A1E4-58C96ED57E5F} = {73DE9002-E934-4CDB-97BD-C846EDD80904}
		{CB4A4A4F-374A-4574-AE60-FA62411F6BD8} = {73DE9002-E934-4CDB-97BD-C846EDD80904}
		{88FB2D75-8D51-44A3-995E-92A456CB67B3} = {73DE9002-E934-4CDB-97BD-C846EDD80904}
	EndGlobalSection
EndGlobal
